
Microsoft Visual Studio Solution File, Format Version 12.00
# Visual Studio Version 17
VisualStudioVersion = 17.8.34330.188
MinimumVisualStudioVersion = 10.0.40219.1
Project("{FAE04EC0-301F-11D3-BF4B-00C04F79EFBC}") = "StudentConnectWebApi", "StudentConnectWebApi\StudentConnectWebApi.csproj", "{B305F177-016F-4516-8997-F4059B1A6A76}"
EndProject
Global
	GlobalSection(SolutionConfigurationPlatforms) = preSolution
		Debug|Any CPU = Debug|Any CPU
		Release|Any CPU = Release|Any CPU
	EndGlobalSection
	GlobalSection(ProjectConfigurationPlatforms) = postSolution
		{B305F177-016F-4516-8997-F4059B1A6A76}.Debug|Any CPU.ActiveCfg = Debug|Any CPU
		{B305F177-016F-4516-8997-F4059B1A6A76}.Debug|Any CPU.Build.0 = Debug|Any CPU
		{B305F177-016F-4516-8997-F4059B1A6A76}.Release|Any CPU.ActiveCfg = Release|Any CPU
		{B305F177-016F-4516-8997-F4059B1A6A76}.Release|Any CPU.Build.0 = Release|Any CPU
	EndGlobalSection
	GlobalSection(SolutionProperties) = preSolution
		HideSolutionNode = FALSE
	EndGlobalSection
	GlobalSection(ExtensibilityGlobals) = postSolution
		SolutionGuid = {1A3C53D9-2AC3-43F7-A357-F869928C9023}
	EndGlobalSection
EndGlobal
